
Microsoft Visual Studio Solution File, Format Version 12.00
# Visual Studio 15
VisualStudioVersion = 15.0.27428.1
MinimumVisualStudioVersion = 10.0.40219.1
Project("{FAE04EC0-301F-11D3-BF4B-00C04F79EFBC}") = "SerialPort", "csharp窗体教学\SerialPort.csproj", "{296A2293-8BA8-41FF-A828-46BC33B0AC56}"
EndProject
Global
	GlobalSection(SolutionConfigurationPlatforms) = preSolution
		Debug|Any CPU = Debug|Any CPU
		Release|Any CPU = Release|Any CPU
	EndGlobalSection
	GlobalSection(ProjectConfigurationPlatforms) = postSolution
		{296A2293-8BA8-41FF-A828-46BC33B0AC56}.Debug|Any CPU.ActiveCfg = Debug|Any CPU
		{296A2293-8BA8-41FF-A828-46BC33B0AC56}.Debug|Any CPU.Build.0 = Debug|Any CPU
		{296A2293-8BA8-41FF-A828-46BC33B0AC56}.Release|Any CPU.ActiveCfg = Release|Any CPU
		{296A2293-8BA8-41FF-A828-46BC33B0AC56}.Release|Any CPU.Build.0 = Release|Any CPU
	EndGlobalSection
	GlobalSection(SolutionProperties) = preSolution
		HideSolutionNode = FALSE
	EndGlobalSection
	GlobalSection(ExtensibilityGlobals) = postSolution
		SolutionGuid = {F5372802-A49B-416E-AB20-64CBFA377554}
	EndGlobalSection
EndGlobal
